
Microsoft Visual Studio Solution File, Format Version 12.00
# Visual Studio Version 16
VisualStudioVersion = 16.0.30907.101
MinimumVisualStudioVersion = 10.0.40219.1
Project("{2150E333-8FDC-42A3-9474-1A3956D46DE8}") = "Domain", "Domain", "{D128D118-AE63-41B2-A495-F24B37812925}"
EndProject
Project("{2150E333-8FDC-42A3-9474-1A3956D46DE8}") = "Infra.IoC", "Infra.IoC", "{3F408A33-3ED6-4903-BB9B-303787C5C1DB}"
EndProject
Project("{2150E333-8FDC-42A3-9474-1A3956D46DE8}") = "Microservices", "Microservices", "{C90465F6-178F-48A5-BB33-7CB9BC3F580C}"
EndProject
Project("{2150E333-8FDC-42A3-9474-1A3956D46DE8}") = "Presentation", "Presentation", "{E019CEDB-CBEA-4E53-8761-293E1CE44BB8}"
EndProject
Project("{9A19103F-16F7-4668-BE54-9A1E7A4F7556}") = "MicroRocky.Domain.Core", "MicroRocky.Domain.Core\MicroRocky.Domain.Core.csproj", "{1F62D906-7F3A-4327-819C-537C3A0A163F}"
EndProject
Project("{2150E333-8FDC-42A3-9474-1A3956D46DE8}") = "Authentication", "Authentication", "{3CB2624F-7770-4A19-AFF2-43388A47BE1C}"
EndProject
Project("{2150E333-8FDC-42A3-9474-1A3956D46DE8}") = "API", "API", "{CCA4D6BF-F523-40F6-8874-AE50A996975D}"
EndProject
Project("{2150E333-8FDC-42A3-9474-1A3956D46DE8}") = "Domain", "Domain", "{50ECEF81-EEE4-4602-AB95-56401CE0E2D0}"
EndProject
Project("{2150E333-8FDC-42A3-9474-1A3956D46DE8}") = "Application", "Application", "{DE34F78E-8E8A-4CA8-8C8E-579800D5FDB6}"
EndProject
Project("{2150E333-8FDC-42A3-9474-1A3956D46DE8}") = "Data", "Data", "{7AFE1C61-AB98-4096-8919-2E8331FCC65D}"
EndProject
Project("{9A19103F-16F7-4668-BE54-9A1E7A4F7556}") = "MicroRocky.Authentication.API", "MicroRocky.Authentication.API\MicroRocky.Authentication.API.csproj", "{ACD65A00-7C4C-4C88-9FCE-2404E69B5E87}"
EndProject
Project("{9A19103F-16F7-4668-BE54-9A1E7A4F7556}") = "MicroRocky.Authentication.Application", "MicroRocky.Authentication.Application\MicroRocky.Authentication.Application.csproj", "{71F47AF8-037B-46C2-9F0F-A94AB449E8CC}"
EndProject
Project("{9A19103F-16F7-4668-BE54-9A1E7A4F7556}") = "MicroRocky.Authentication.Data", "MicroRocky.Authentication.Data\MicroRocky.Authentication.Data.csproj", "{8088FC13-7E3F-43CB-8B10-4F76730992A0}"
EndProject
Project("{9A19103F-16F7-4668-BE54-9A1E7A4F7556}") = "MicroRocky.Authentication.Domain", "MicroRocky.Authentication.Domain\MicroRocky.Authentication.Domain.csproj", "{3FB304A0-0834-4ED4-A757-11D11D85DB1C}"
EndProject
Project("{9A19103F-16F7-4668-BE54-9A1E7A4F7556}") = "MicroRocky.Infra.IoC", "MicroRocky.Infra.IoC\MicroRocky.Infra.IoC.csproj", "{9144B303-460E-4637-91F1-4B7FB4AD4A8E}"
EndProject
Project("{2150E333-8FDC-42A3-9474-1A3956D46DE8}") = "Infra.Bus", "Infra.Bus", "{1E514A4F-B28B-4FC9-B183-AEC69C2E1179}"
EndProject
Project("{9A19103F-16F7-4668-BE54-9A1E7A4F7556}") = "MicroRocky.Infra.Bus", "MicroRocky.Infra.Bus\MicroRocky.Infra.Bus.csproj", "{E87C8FB9-9D69-420A-9FC0-8B8179DB64B0}"
EndProject
Project("{2150E333-8FDC-42A3-9474-1A3956D46DE8}") = "Product", "Product", "{668FE6BF-869B-42C5-BBDC-A61D70E855E5}"
EndProject
Project("{2150E333-8FDC-42A3-9474-1A3956D46DE8}") = "API", "API", "{A12736F1-A23D-48E7-8372-D14E20634F22}"
EndProject
Project("{2150E333-8FDC-42A3-9474-1A3956D46DE8}") = "Application", "Application", "{4D3C8461-5116-4E55-AF58-F2120444FCC2}"
EndProject
Project("{2150E333-8FDC-42A3-9474-1A3956D46DE8}") = "Data", "Data", "{EBD0C447-8B68-48B1-8C04-A72264CF3271}"
EndProject
Project("{2150E333-8FDC-42A3-9474-1A3956D46DE8}") = "Domain", "Domain", "{8BFD6DCC-AF4E-411E-8134-30547FF5B808}"
EndProject
Project("{9A19103F-16F7-4668-BE54-9A1E7A4F7556}") = "MicroRocky.Product.API", "MicroRocky.Product.API\MicroRocky.Product.API.csproj", "{75D67613-398E-4853-BD3D-C3F8A2B5E1FB}"
EndProject
Project("{9A19103F-16F7-4668-BE54-9A1E7A4F7556}") = "MicroRocky.Production.Application", "MicroRocky.Production.Application\MicroRocky.Production.Application.csproj", "{6B633E1D-0E18-4CC8-A0F3-4EFCD8CB71E2}"
EndProject
Project("{9A19103F-16F7-4668-BE54-9A1E7A4F7556}") = "MicroRocky.Product.Data", "MicroRocky.Product.Data\MicroRocky.Product.Data.csproj", "{A4CF1933-E161-4C71-A7E7-6E6A3858A17F}"
EndProject
Project("{9A19103F-16F7-4668-BE54-9A1E7A4F7556}") = "MicroRocky.Product.Domain", "MicroRocky.Product.Domain\MicroRocky.Product.Domain.csproj", "{D240692C-A8BC-47E0-A7FC-055C2CB8860F}"
EndProject
Project("{9A19103F-16F7-4668-BE54-9A1E7A4F7556}") = "MicroRocky.MVC", "MicroRocky.MVC\MicroRocky.MVC.csproj", "{C1FCCA2F-410A-4C58-8549-17422A0B4B54}"
EndProject
Global
	GlobalSection(SolutionConfigurationPlatforms) = preSolution
		Debug|Any CPU = Debug|Any CPU
		Release|Any CPU = Release|Any CPU
	EndGlobalSection
	GlobalSection(ProjectConfigurationPlatforms) = postSolution
		{1F62D906-7F3A-4327-819C-537C3A0A163F}.Debug|Any CPU.ActiveCfg = Debug|Any CPU
		{1F62D906-7F3A-4327-819C-537C3A0A163F}.Debug|Any CPU.Build.0 = Debug|Any CPU
		{1F62D906-7F3A-4327-819C-537C3A0A163F}.Release|Any CPU.ActiveCfg = Release|Any CPU
		{1F62D906-7F3A-4327-819C-537C3A0A163F}.Release|Any CPU.Build.0 = Release|Any CPU
		{ACD65A00-7C4C-4C88-9FCE-2404E69B5E87}.Debug|Any CPU.ActiveCfg = Debug|Any CPU
		{ACD65A00-7C4C-4C88-9FCE-2404E69B5E87}.Debug|Any CPU.Build.0 = Debug|Any CPU
		{ACD65A00-7C4C-4C88-9FCE-2404E69B5E87}.Release|Any CPU.ActiveCfg = Release|Any CPU
		{ACD65A00-7C4C-4C88-9FCE-2404E69B5E87}.Release|Any CPU.Build.0 = Release|Any CPU
		{71F47AF8-037B-46C2-9F0F-A94AB449E8CC}.Debug|Any CPU.ActiveCfg = Debug|Any CPU
		{71F47AF8-037B-46C2-9F0F-A94AB449E8CC}.Debug|Any CPU.Build.0 = Debug|Any CPU
		{71F47AF8-037B-46C2-9F0F-A94AB449E8CC}.Release|Any CPU.ActiveCfg = Release|Any CPU
		{71F47AF8-037B-46C2-9F0F-A94AB449E8CC}.Release|Any CPU.Build.0 = Release|Any CPU
		{8088FC13-7E3F-43CB-8B10-4F76730992A0}.Debug|Any CPU.ActiveCfg = Debug|Any CPU
		{8088FC13-7E3F-43CB-8B10-4F76730992A0}.Debug|Any CPU.Build.0 = Debug|Any CPU
		{8088FC13-7E3F-43CB-8B10-4F76730992A0}.Release|Any CPU.ActiveCfg = Release|Any CPU
		{8088FC13-7E3F-43CB-8B10-4F76730992A0}.Release|Any CPU.Build.0 = Release|Any CPU
		{3FB304A0-0834-4ED4-A757-11D11D85DB1C}.Debug|Any CPU.ActiveCfg = Debug|Any CPU
		{3FB304A0-0834-4ED4-A757-11D11D85DB1C}.Debug|Any CPU.Build.0 = Debug|Any CPU
		{3FB304A0-0834-4ED4-A757-11D11D85DB1C}.Release|Any CPU.ActiveCfg = Release|Any CPU
		{3FB304A0-0834-4ED4-A757-11D11D85DB1C}.Release|Any CPU.Build.0 = Release|Any CPU
		{9144B303-460E-4637-91F1-4B7FB4AD4A8E}.Debug|Any CPU.ActiveCfg = Debug|Any CPU
		{9144B303-460E-4637-91F1-4B7FB4AD4A8E}.Debug|Any CPU.Build.0 = Debug|Any CPU
		{9144B303-460E-4637-91F1-4B7FB4AD4A8E}.Release|Any CPU.ActiveCfg = Release|Any CPU
		{9144B303-460E-4637-91F1-4B7FB4AD4A8E}.Release|Any CPU.Build.0 = Release|Any CPU
		{E87C8FB9-9D69-420A-9FC0-8B8179DB64B0}.Debug|Any CPU.ActiveCfg = Debug|Any CPU
		{E87C8FB9-9D69-420A-9FC0-8B8179DB64B0}.Debug|Any CPU.Build.0 = Debug|Any CPU
		{E87C8FB9-9D69-420A-9FC0-8B8179DB64B0}.Release|Any CPU.ActiveCfg = Release|Any CPU
		{E87C8FB9-9D69-420A-9FC0-8B8179DB64B0}.Release|Any CPU.Build.0 = Release|Any CPU
		{75D67613-398E-4853-BD3D-C3F8A2B5E1FB}.Debug|Any CPU.ActiveCfg = Debug|Any CPU
		{75D67613-398E-4853-BD3D-C3F8A2B5E1FB}.Debug|Any CPU.Build.0 = Debug|Any CPU
		{75D67613-398E-4853-BD3D-C3F8A2B5E1FB}.Release|Any CPU.ActiveCfg = Release|Any CPU
		{75D67613-398E-4853-BD3D-C3F8A2B5E1FB}.Release|Any CPU.Build.0 = Release|Any CPU
		{6B633E1D-0E18-4CC8-A0F3-4EFCD8CB71E2}.Debug|Any CPU.ActiveCfg = Debug|Any CPU
		{6B633E1D-0E18-4CC8-A0F3-4EFCD8CB71E2}.Debug|Any CPU.Build.0 = Debug|Any CPU
		{6B633E1D-0E18-4CC8-A0F3-4EFCD8CB71E2}.Release|Any CPU.ActiveCfg = Release|Any CPU
		{6B633E1D-0E18-4CC8-A0F3-4EFCD8CB71E2}.Release|Any CPU.Build.0 = Release|Any CPU
		{A4CF1933-E161-4C71-A7E7-6E6A3858A17F}.Debug|Any CPU.ActiveCfg = Debug|Any CPU
		{A4CF1933-E161-4C71-A7E7-6E6A3858A17F}.Debug|Any CPU.Build.0 = Debug|Any CPU
		{A4CF1933-E161-4C71-A7E7-6E6A3858A17F}.Release|Any CPU.ActiveCfg = Release|Any CPU
		{A4CF1933-E161-4C71-A7E7-6E6A3858A17F}.Release|Any CPU.Build.0 = Release|Any CPU
		{D240692C-A8BC-47E0-A7FC-055C2CB8860F}.Debug|Any CPU.ActiveCfg = Debug|Any CPU
		{D240692C-A8BC-47E0-A7FC-055C2CB8860F}.Debug|Any CPU.Build.0 = Debug|Any CPU
		{D240692C-A8BC-47E0-A7FC-055C2CB8860F}.Release|Any CPU.ActiveCfg = Release|Any CPU
		{D240692C-A8BC-47E0-A7FC-055C2CB8860F}.Release|Any CPU.Build.0 = Release|Any CPU
		{C1FCCA2F-410A-4C58-8549-17422A0B4B54}.Debug|Any CPU.ActiveCfg = Debug|Any CPU
		{C1FCCA2F-410A-4C58-8549-17422A0B4B54}.Debug|Any CPU.Build.0 = Debug|Any CPU
		{C1FCCA2F-410A-4C58-8549-17422A0B4B54}.Release|Any CPU.ActiveCfg = Release|Any CPU
		{C1FCCA2F-410A-4C58-8549-17422A0B4B54}.Release|Any CPU.Build.0 = Release|Any CPU
	EndGlobalSection
	GlobalSection(SolutionProperties) = preSolution
		HideSolutionNode = FALSE
	EndGlobalSection
	GlobalSection(NestedProjects) = preSolution
		{1F62D906-7F3A-4327-819C-537C3A0A163F} = {D128D118-AE63-41B2-A495-F24B37812925}
		{3CB2624F-7770-4A19-AFF2-43388A47BE1C} = {C90465F6-178F-48A5-BB33-7CB9BC3F580C}
		{CCA4D6BF-F523-40F6-8874-AE50A996975D} = {3CB2624F-7770-4A19-AFF2-43388A47BE1C}
		{50ECEF81-EEE4-4602-AB95-56401CE0E2D0} = {3CB2624F-7770-4A19-AFF2-43388A47BE1C}
		{DE34F78E-8E8A-4CA8-8C8E-579800D5FDB6} = {3CB2624F-7770-4A19-AFF2-43388A47BE1C}
		{7AFE1C61-AB98-4096-8919-2E8331FCC65D} = {3CB2624F-7770-4A19-AFF2-43388A47BE1C}
		{ACD65A00-7C4C-4C88-9FCE-2404E69B5E87} = {CCA4D6BF-F523-40F6-8874-AE50A996975D}
		{71F47AF8-037B-46C2-9F0F-A94AB449E8CC} = {DE34F78E-8E8A-4CA8-8C8E-579800D5FDB6}
		{8088FC13-7E3F-43CB-8B10-4F76730992A0} = {7AFE1C61-AB98-4096-8919-2E8331FCC65D}
		{3FB304A0-0834-4ED4-A757-11D11D85DB1C} = {50ECEF81-EEE4-4602-AB95-56401CE0E2D0}
		{9144B303-460E-4637-91F1-4B7FB4AD4A8E} = {3F408A33-3ED6-4903-BB9B-303787C5C1DB}
		{E87C8FB9-9D69-420A-9FC0-8B8179DB64B0} = {1E514A4F-B28B-4FC9-B183-AEC69C2E1179}
		{668FE6BF-869B-42C5-BBDC-A61D70E855E5} = {C90465F6-178F-48A5-BB33-7CB9BC3F580C}
		{A12736F1-A23D-48E7-8372-D14E20634F22} = {668FE6BF-869B-42C5-BBDC-A61D70E855E5}
		{4D3C8461-5116-4E55-AF58-F2120444FCC2} = {668FE6BF-869B-42C5-BBDC-A61D70E855E5}
		{EBD0C447-8B68-48B1-8C04-A72264CF3271} = {668FE6BF-869B-42C5-BBDC-A61D70E855E5}
		{8BFD6DCC-AF4E-411E-8134-30547FF5B808} = {668FE6BF-869B-42C5-BBDC-A61D70E855E5}
		{75D67613-398E-4853-BD3D-C3F8A2B5E1FB} = {A12736F1-A23D-48E7-8372-D14E20634F22}
		{6B633E1D-0E18-4CC8-A0F3-4EFCD8CB71E2} = {4D3C8461-5116-4E55-AF58-F2120444FCC2}
		{A4CF1933-E161-4C71-A7E7-6E6A3858A17F} = {EBD0C447-8B68-48B1-8C04-A72264CF3271}
		{D240692C-A8BC-47E0-A7FC-055C2CB8860F} = {8BFD6DCC-AF4E-411E-8134-30547FF5B808}
		{C1FCCA2F-410A-4C58-8549-17422A0B4B54} = {E019CEDB-CBEA-4E53-8761-293E1CE44BB8}
	EndGlobalSection
	GlobalSection(ExtensibilityGlobals) = postSolution
		SolutionGuid = {D9B8FACC-784F-4219-B0E4-0FA88CF512AC}
	EndGlobalSection
EndGlobal
